
Microsoft Visual Studio Solution File, Format Version 12.00
# Visual Studio Version 17
VisualStudioVersion = 17.0.32112.339
MinimumVisualStudioVersion = 10.0.40219.1
Project("{FAE04EC0-301F-11D3-BF4B-00C04F79EFBC}") = "Arrays", "Arrays.csproj", "{AA7F4783-DB9B-48A9-AED9-0AB7A0D05835}"
EndProject
Global
	GlobalSection(SolutionConfigurationPlatforms) = preSolution
		Debug|Any CPU = Debug|Any CPU
		Release|Any CPU = Release|Any CPU
	EndGlobalSection
	GlobalSection(ProjectConfigurationPlatforms) = postSolution
		{AA7F4783-DB9B-48A9-AED9-0AB7A0D05835}.Debug|Any CPU.ActiveCfg = Debug|Any CPU
		{AA7F4783-DB9B-48A9-AED9-0AB7A0D05835}.Debug|Any CPU.Build.0 = Debug|Any CPU
		{AA7F4783-DB9B-48A9-AED9-0AB7A0D05835}.Release|Any CPU.ActiveCfg = Release|Any CPU
		{AA7F4783-DB9B-48A9-AED9-0AB7A0D05835}.Release|Any CPU.Build.0 = Release|Any CPU
	EndGlobalSection
	GlobalSection(SolutionProperties) = preSolution
		HideSolutionNode = FALSE
	EndGlobalSection
	GlobalSection(ExtensibilityGlobals) = postSolution
		SolutionGuid = {BD711BA6-803D-42F7-9B04-792259B0EEF1}
	EndGlobalSection
EndGlobal
